
Microsoft Visual Studio Solution File, Format Version 12.00
# Visual Studio Version 16
VisualStudioVersion = 16.0.31613.86
MinimumVisualStudioVersion = 10.0.40219.1
Project("{FAE04EC0-301F-11D3-BF4B-00C04F79EFBC}") = "TareaFormularios", "TareaFormularios\TareaFormularios.csproj", "{C1DF9314-2B39-497F-9F69-9CB44F42391A}"
EndProject
Global
	GlobalSection(SolutionConfigurationPlatforms) = preSolution
		Debug|Any CPU = Debug|Any CPU
		Release|Any CPU = Release|Any CPU
	EndGlobalSection
	GlobalSection(ProjectConfigurationPlatforms) = postSolution
		{C1DF9314-2B39-497F-9F69-9CB44F42391A}.Debug|Any CPU.ActiveCfg = Debug|Any CPU
		{C1DF9314-2B39-497F-9F69-9CB44F42391A}.Debug|Any CPU.Build.0 = Debug|Any CPU
		{C1DF9314-2B39-497F-9F69-9CB44F42391A}.Release|Any CPU.ActiveCfg = Release|Any CPU
		{C1DF9314-2B39-497F-9F69-9CB44F42391A}.Release|Any CPU.Build.0 = Release|Any CPU
	EndGlobalSection
	GlobalSection(SolutionProperties) = preSolution
		HideSolutionNode = FALSE
	EndGlobalSection
	GlobalSection(ExtensibilityGlobals) = postSolution
		SolutionGuid = {507A371D-C7A1-460F-8FDC-C484B421107F}
	EndGlobalSection
EndGlobal
